// !$*UTF8*$!
{
	archiveVersion = 1;
	classes = {
	};
	objectVersion = 46;
	objects = {

/* Begin PBXBuildFile section */
		04CAE19E1BB4302400FA5316 /* AppDelegate.swift in Sources */ = {isa = PBXBuildFile; fileRef = 04CAE19D1BB4302400FA5316 /* AppDelegate.swift */; };
		04CAE1A01BB4302400FA5316 /* ViewController.swift in Sources */ = {isa = PBXBuildFile; fileRef = 04CAE19F1BB4302400FA5316 /* ViewController.swift */; };
		04CAE1A31BB4302400FA5316 /* Main.storyboard in Resources */ = {isa = PBXBuildFile; fileRef = 04CAE1A11BB4302400FA5316 /* Main.storyboard */; };
		04CAE1A51BB4302400FA5316 /* Assets.xcassets in Resources */ = {isa = PBXBuildFile; fileRef = 04CAE1A41BB4302400FA5316 /* Assets.xcassets */; };
		04CAE1A81BB4302400FA5316 /* LaunchScreen.storyboard in Resources */ = {isa = PBXBuildFile; fileRef = 04CAE1A61BB4302400FA5316 /* LaunchScreen.storyboard */; };
		04CAE1B31BB4302500FA5316 /* FunFactsTests.swift in Sources */ = {isa = PBXBuildFile; fileRef = 04CAE1B21BB4302500FA5316 /* FunFactsTests.swift */; };
		04CAE1BE1BB4302500FA5316 /* FunFactsUITests.swift in Sources */ = {isa = PBXBuildFile; fileRef = 04CAE1BD1BB4302500FA5316 /* FunFactsUITests.swift */; };
/* End PBXBuildFile section */

/* Begin PBXContainerItemProxy section */
		04CAE1AF1BB4302500FA5316 /* PBXContainerItemProxy */ = {
			isa = PBXContainerItemProxy;
			containerPortal = 04CAE1921BB4302400FA5316 /* Project object */;
			proxyType = 1;
			remoteGlobalIDString = 04CAE1991BB4302400FA5316;
			remoteInfo = FunFacts;
		};
		04CAE1BA1BB4302500FA5316 /* PBXContainerItemProxy */ = {
			isa = PBXContainerItemProxy;
			containerPortal = 04CAE1921BB4302400FA5316 /* Project object */;
			proxyType = 1;
			remoteGlobalIDString = 04CAE1991BB4302400FA5316;
			remoteInfo = FunFacts;
		};
/* End PBXContainerItemProxy section */

/* Begin PBXFileReference section */
		04CAE19A1BB4302400FA5316 /* FunFacts.app */ = {isa = PBXFileReference; explicitFileType = wrapper.application; includeInIndex = 0; path = FunFacts.app; sourceTree = BUILT_PRODUCTS_DIR; };
		04CAE19D1BB4302400FA5316 /* AppDelegate.swift */ = {isa = PBXFileReference; lastKnownFileType = sourcecode.swift; path = AppDelegate.swift; sourceTree = "<group>"; };
		04CAE19F1BB4302400FA5316 /* ViewController.swift */ = {isa = PBXFileReference; lastKnownFileType = sourcecode.swift; path = ViewController.swift; sourceTree = "<group>"; };
		04CAE1A21BB4302400FA5316 /* Base */ = {isa = PBXFileReference; lastKnownFileType = file.storyboard; name = Base; path = Base.lproj/Main.storyboard; sourceTree = "<group>"; };
		04CAE1A41BB4302400FA5316 /* Assets.xcassets */ = {isa = PBXFileReference; lastKnownFileType = folder.assetcatalog; path = Assets.xcassets; sourceTree = "<group>"; };
		04CAE1A71BB4302400FA5316 /* Base */ = {isa = PBXFileReference; lastKnownFileType = file.storyboard; name = Base; path = Base.lproj/LaunchScreen.storyboard; sourceTree = "<group>"; };
		04CAE1A91BB4302400FA5316 /* Info.plist */ = {isa = PBXFileReference; lastKnownFileType = text.plist.xml; path = Info.plist; sourceTree = "<group>"; };
		04CAE1AE1BB4302500FA5316 /* FunFactsTests.xctest */ = {isa = PBXFileReference; explicitFileType = wrapper.cfbundle; includeInIndex = 0; path = FunFactsTests.xctest; sourceTree = BUILT_PRODUCTS_DIR; };
		04CAE1B21BB4302500FA5316 /* FunFactsTests.swift */ = {isa = PBXFileReference; lastKnownFileType = sourcecode.swift; path = FunFactsTests.swift; sourceTree = "<group>"; };
		04CAE1B41BB4302500FA5316 /* Info.plist */ = {isa = PBXFileReference; lastKnownFileType = text.plist.xml; path = Info.plist; sourceTree = "<group>"; };
		04CAE1B91BB4302500FA5316 /* FunFactsUITests.xctest */ = {isa = PBXFileReference; explicitFileType = wrapper.cfbundle; includeInIndex = 0; path = FunFactsUITests.xctest; sourceTree = BUILT_PRODUCTS_DIR; };
		04CAE1BD1BB4302500FA5316 /* FunFactsUITests.swift */ = {isa = PBXFileReference; lastKnownFileType = sourcecode.swift; path = FunFactsUITests.swift; sourceTree = "<group>"; };
		04CAE1BF1BB4302500FA5316 /* Info.plist */ = {isa = PBXFileReference; lastKnownFileType = text.plist.xml; path = Info.plist; sourceTree = "<group>"; };
/* End PBXFileReference section */

/* Begin PBXFrameworksBuildPhase section */
		04CAE1971BB4302400FA5316 /* Frameworks */ = {
			isa = PBXFrameworksBuildPhase;
			buildActionMask = 2147483647;
			files = (
			);
			runOnlyForDeploymentPostprocessing = 0;
		};
		04CAE1AB1BB4302500FA5316 /* Frameworks */ = {
			isa = PBXFrameworksBuildPhase;
			buildActionMask = 2147483647;
			files = (
			);
			runOnlyForDeploymentPostprocessing = 0;
		};
		04CAE1B61BB4302500FA5316 /* Frameworks */ = {
			isa = PBXFrameworksBuildPhase;
			buildActionMask = 2147483647;
			files = (
			);
			runOnlyForDeploymentPostprocessing = 0;
		};
/* End PBXFrameworksBuildPhase section */

/* Begin PBXGroup section */
		04CAE1911BB4302400FA5316 = {
			isa = PBXGroup;
			children = (
				04CAE19C1BB4302400FA5316 /* FunFacts */,
				04CAE1B11BB4302500FA5316 /* FunFactsTests */,
				04CAE1BC1BB4302500FA5316 /* FunFactsUITests */,
				04CAE19B1BB4302400FA5316 /* Products */,
			);
			sourceTree = "<group>";
		};
		04CAE19B1BB4302400FA5316 /* Products */ = {
			isa = PBXGroup;
			children = (
				04CAE19A1BB4302400FA5316 /* FunFacts.app */,
				04CAE1AE1BB4302500FA5316 /* FunFactsTests.xctest */,
				04CAE1B91BB4302500FA5316 /* FunFactsUITests.xctest */,
			);
			name = Products;
			sourceTree = "<group>";
		};
		04CAE19C1BB4302400FA5316 /* FunFacts */ = {
			isa = PBXGroup;
			children = (
				04CAE19D1BB4302400FA5316 /* AppDelegate.swift */,
				04CAE19F1BB4302400FA5316 /* ViewController.swift */,
				04CAE1A11BB4302400FA5316 /* Main.storyboard */,
				04CAE1A41BB4302400FA5316 /* Assets.xcassets */,
				04CAE1A61BB4302400FA5316 /* LaunchScreen.storyboard */,
				04CAE1A91BB4302400FA5316 /* Info.plist */,
			);
			path = FunFacts;
			sourceTree = "<group>";
		};
		04CAE1B11BB4302500FA5316 /* FunFactsTests */ = {
			isa = PBXGroup;
			children = (
				04CAE1B21BB4302500FA5316 /* FunFactsTests.swift */,
				04CAE1B41BB4302500FA5316 /* Info.plist */,
			);
			path = FunFactsTests;
			sourceTree = "<group>";
		};
		04CAE1BC1BB4302500FA5316 /* FunFactsUITests */ = {
			isa = PBXGroup;
			children = (
				04CAE1BD1BB4302500FA5316 /* FunFactsUITests.swift */,
				04CAE1BF1BB4302500FA5316 /* Info.plist */,
			);
			path = FunFactsUITests;
			sourceTree = "<group>";
		};
/* End PBXGroup section */

/* Begin PBXNativeTarget section */
		04CAE1991BB4302400FA5316 /* FunFacts */ = {
			isa = PBXNativeTarget;
			buildConfigurationList = 04CAE1C21BB4302500FA5316 /* Build configuration list for PBXNativeTarget "FunFacts" */;
			buildPhases = (
				04CAE1961BB4302400FA5316 /* Sources */,
				04CAE1971BB4302400FA5316 /* Frameworks */,
				04CAE1981BB4302400FA5316 /* Resources */,
			);
			buildRules = (
			);
			dependencies = (
			);
			name = FunFacts;
			productName = FunFacts;
			productReference = 04CAE19A1BB4302400FA5316 /* FunFacts.app */;
			productType = "com.apple.product-type.application";
		};
		04CAE1AD1BB4302500FA5316 /* FunFactsTests */ = {
			isa = PBXNativeTarget;
			buildConfigurationList = 04CAE1C51BB4302500FA5316 /* Build configuration list for PBXNativeTarget "FunFactsTests" */;
			buildPhases = (
				04CAE1AA1BB4302500FA5316 /* Sources */,
				04CAE1AB1BB4302500FA5316 /* Frameworks */,
				04CAE1AC1BB4302500FA5316 /* Resources */,
			);
			buildRules = (
			);
			dependencies = (
				04CAE1B01BB4302500FA5316 /* PBXTargetDependency */,
			);
			name = FunFactsTests;
			productName = FunFactsTests;
			productReference = 04CAE1AE1BB4302500FA5316 /* FunFactsTests.xctest */;
			productType = "com.apple.product-type.bundle.unit-test";
		};
		04CAE1B81BB4302500FA5316 /* FunFactsUITests */ = {
			isa = PBXNativeTarget;
			buildConfigurationList = 04CAE1C81BB4302500FA5316 /* Build configuration list for PBXNativeTarget "FunFactsUITests" */;
			buildPhases = (
				04CAE1B51BB4302500FA5316 /* Sources */,
				04CAE1B61BB4302500FA5316 /* Frameworks */,
				04CAE1B71BB4302500FA5316 /* Resources */,
			);
			buildRules = (
			);
			dependencies = (
				04CAE1BB1BB4302500FA5316 /* PBXTargetDependency */,
			);
			name = FunFactsUITests;
			productName = FunFactsUITests;
			productReference = 04CAE1B91BB4302500FA5316 /* FunFactsUITests.xctest */;
			productType = "com.apple.product-type.bundle.ui-testing";
		};
/* End PBXNativeTarget section */

/* Begin PBXProject section */
		04CAE1921BB4302400FA5316 /* Project object */ = {
			isa = PBXProject;
			attributes = {
				LastUpgradeCheck = 0700;
				ORGANIZATIONNAME = "NanoJack Tech";
				TargetAttributes = {
					04CAE1991BB4302400FA5316 = {
						CreatedOnToolsVersion = 7.0;
					};
					04CAE1AD1BB4302500FA5316 = {
						CreatedOnToolsVersion = 7.0;
						TestTargetID = 04CAE1991BB4302400FA5316;
					};
					04CAE1B81BB4302500FA5316 = {
						CreatedOnToolsVersion = 7.0;
						TestTargetID = 04CAE1991BB4302400FA5316;
					};
				};
			};
			buildConfigurationList = 04CAE1951BB4302400FA5316 /* Build configuration list for PBXProject "FunFacts" */;
			compatibilityVersion = "Xcode 3.2";
			developmentRegion = English;
			hasScannedForEncodings = 0;
			knownRegions = (
				en,
				Base,
			);
			mainGroup = 04CAE1911BB4302400FA5316;
			productRefGroup = 04CAE19B1BB4302400FA5316 /* Products */;
			projectDirPath = "";
			projectRoot = "";
			targets = (
				04CAE1991BB4302400FA5316 /* FunFacts */,
				04CAE1AD1BB4302500FA5316 /* FunFactsTests */,
				04CAE1B81BB4302500FA5316 /* FunFactsUITests */,
			);
		};
/* End PBXProject section */

/* Begin PBXResourcesBuildPhase section */
		04CAE1981BB4302400FA5316 /* Resources */ = {
			isa = PBXResourcesBuildPhase;
			buildActionMask = 2147483647;
			files = (
				04CAE1A81BB4302400FA5316 /* LaunchScreen.storyboard in Resources */,
				04CAE1A51BB4302400FA5316 /* Assets.xcassets in Resources */,
				04CAE1A31BB4302400FA5316 /* Main.storyboard in Resources */,
			);
			runOnlyForDeploymentPostprocessing = 0;
		};
		04CAE1AC1BB4302500FA5316 /* Resources */ = {
			isa = PBXResourcesBuildPhase;
			buildActionMask = 2147483647;
			files = (
			);
			runOnlyForDeploymentPostprocessing = 0;
		};
		04CAE1B71BB4302500FA5316 /* Resources */ = {
			isa = PBXResourcesBuildPhase;
			buildActionMask = 2147483647;
			files = (
			);
			runOnlyForDeploymentPostprocessing = 0;
		};
/* End PBXResourcesBuildPhase section */

/* Begin PBXSourcesBuildPhase section */
		04CAE1961BB4302400FA5316 /* Sources */ = {
			isa = PBXSourcesBuildPhase;
			buildActionMask = 2147483647;
			files = (
				04CAE1A01BB4302400FA5316 /* ViewController.swift in Sources */,
				04CAE19E1BB4302400FA5316 /* AppDelegate.swift in Sources */,
			);
			runOnlyForDeploymentPostprocessing = 0;
		};
		04CAE1AA1BB4302500FA5316 /* Sources */ = {
			isa = PBXSourcesBuildPhase;
			buildActionMask = 2147483647;
			files = (
				04CAE1B31BB4302500FA5316 /* FunFactsTests.swift in Sources */,
			);
			runOnlyForDeploymentPostprocessing = 0;
		};
		04CAE1B51BB4302500FA5316 /* Sources */ = {
			isa = PBXSourcesBuildPhase;
			buildActionMask = 2147483647;
			files = (
				04CAE1BE1BB4302500FA5316 /* FunFactsUITests.swift in Sources */,
			);
			runOnlyForDeploymentPostprocessing = 0;
		};
/* End PBXSourcesBuildPhase section */

/* Begin PBXTargetDependency section */
		04CAE1B01BB4302500FA5316 /* PBXTargetDependency */ = {
			isa = PBXTargetDependency;
			target = 04CAE1991BB4302400FA5316 /* FunFacts */;
			targetProxy = 04CAE1AF1BB4302500FA5316 /* PBXContainerItemProxy */;
		};
		04CAE1BB1BB4302500FA5316 /* PBXTargetDependency */ = {
			isa = PBXTargetDependency;
			target = 04CAE1991BB4302400FA5316 /* FunFacts */;
			targetProxy = 04CAE1BA1BB4302500FA5316 /* PBXContainerItemProxy */;
		};
/* End PBXTargetDependency section */

/* Begin PBXVariantGroup section */
		04CAE1A11BB4302400FA5316 /* Main.storyboard */ = {
			isa = PBXVariantGroup;
			children = (
				04CAE1A21BB4302400FA5316 /* Base */,
			);
			name = Main.storyboard;
			sourceTree = "<group>";
		};
		04CAE1A61BB4302400FA5316 /* LaunchScreen.storyboard */ = {
			isa = PBXVariantGroup;
			children = (
				04CAE1A71BB4302400FA5316 /* Base */,
			);
			name = LaunchScreen.storyboard;
			sourceTree = "<group>";
		};
/* End PBXVariantGroup section */

/* Begin XCBuildConfiguration section */
		04CAE1C01BB4302500FA5316 /* Debug */ = {
			isa = XCBuildConfiguration;
			buildSettings = {
				ALWAYS_SEARCH_USER_PATHS = NO;
				CLANG_CXX_LANGUAGE_STANDARD = "gnu++0x";
				CLANG_CXX_LIBRARY = "libc++";
				CLANG_ENABLE_MODULES = YES;
				CLANG_ENABLE_OBJC_ARC = YES;
				CLANG_WARN_BOOL_CONVERSION = YES;
				CLANG_WARN_CONSTANT_CONVERSION = YES;
				CLANG_WARN_DIRECT_OBJC_ISA_USAGE = YES_ERROR;
				CLANG_WARN_EMPTY_BODY = YES;
				CLANG_WARN_ENUM_CONVERSION = YES;
				CLANG_WARN_INT_CONVERSION = YES;
				CLANG_WARN_OBJC_ROOT_CLASS = YES_ERROR;
				CLANG_WARN_UNREACHABLE_CODE = YES;
				CLANG_WARN__DUPLICATE_METHOD_MATCH = YES;
				"CODE_SIGN_IDENTITY[sdk=iphoneos*]" = "iPhone Developer";
				COPY_PHASE_STRIP = NO;
				DEBUG_INFORMATION_FORMAT = dwarf;
				ENABLE_STRICT_OBJC_MSGSEND = YES;
				ENABLE_TESTABILITY = YES;
				GCC_C_LANGUAGE_STANDARD = gnu99;
				GCC_DYNAMIC_NO_PIC = NO;
				GCC_NO_COMMON_BLOCKS = YES;
				GCC_OPTIMIZATION_LEVEL = 0;
				GCC_PREPROCESSOR_DEFINITIONS = (
					"DEBUG=1",
					"$(inherited)",
				);
				GCC_WARN_64_TO_32_BIT_CONVERSION = YES;
				GCC_WARN_ABOUT_RETURN_TYPE = YES_ERROR;
				GCC_WARN_UNDECLARED_SELECTOR = YES;
				GCC_WARN_UNINITIALIZED_AUTOS = YES_AGGRESSIVE;
				GCC_WARN_UNUSED_FUNCTION = YES;
				GCC_WARN_UNUSED_VARIABLE = YES;
				IPHONEOS_DEPLOYMENT_TARGET = 9.0;
				MTL_ENABLE_DEBUG_INFO = YES;
				ONLY_ACTIVE_ARCH = YES;
				SDKROOT = iphoneos;
				SWIFT_OPTIMIZATION_LEVEL = "-Onone";
			};
			name = Debug;
		};
		04CAE1C11BB4302500FA5316 /* Release */ = {
			isa = XCBuildConfiguration;
			buildSettings = {
				ALWAYS_SEARCH_USER_PATHS = NO;
				CLANG_CXX_LANGUAGE_STANDARD = "gnu++0x";
				CLANG_CXX_LIBRARY = "libc++";
				CLANG_ENABLE_MODULES = YES;
				CLANG_ENABLE_OBJC_ARC = YES;
				CLANG_WARN_BOOL_CONVERSION = YES;
				CLANG_WARN_CONSTANT_CONVERSION = YES;
				CLANG_WARN_DIRECT_OBJC_ISA_USAGE = YES_ERROR;
				CLANG_WARN_EMPTY_BODY = YES;
				CLANG_WARN_ENUM_CONVERSION = YES;
				CLANG_WARN_INT_CONVERSION = YES;
				CLANG_WARN_OBJC_ROOT_CLASS = YES_ERROR;
				CLANG_WARN_UNREACHABLE_CODE = YES;
				CLANG_WARN__DUPLICATE_METHOD_MATCH = YES;
				"CODE_SIGN_IDENTITY[sdk=iphoneos*]" = "iPhone Developer";
				COPY_PHASE_STRIP = NO;
				DEBUG_INFORMATION_FORMAT = "dwarf-with-dsym";
				ENABLE_NS_ASSERTIONS = NO;
				ENABLE_STRICT_OBJC_MSGSEND = YES;
				GCC_C_LANGUAGE_STANDARD = gnu99;
				GCC_NO_COMMON_BLOCKS = YES;
				GCC_WARN_64_TO_32_BIT_CONVERSION = YES;
				GCC_WARN_ABOUT_RETURN_TYPE = YES_ERROR;
				GCC_WARN_UNDECLARED_SELECTOR = YES;
				GCC_WARN_UNINITIALIZED_AUTOS = YES_AGGRESSIVE;
				GCC_WARN_UNUSED_FUNCTION = YES;
				GCC_WARN_UNUSED_VARIABLE = YES;
				IPHONEOS_DEPLOYMENT_TARGET = 9.0;
				MTL_ENABLE_DEBUG_INFO = NO;
				SDKROOT = iphoneos;
				VALIDATE_PRODUCT = YES;
			};
			name = Release;
		};
		04CAE1C31BB4302500FA5316 /* Debug */ = {
			isa = XCBuildConfiguration;
			buildSettings = {
				ASSETCATALOG_COMPILER_APPICON_NAME = AppIcon;
				INFOPLIST_FILE = FunFacts/Info.plist;
				LD_RUNPATH_SEARCH_PATHS = "$(inherited) @executable_path/Frameworks";
				PRODUCT_BUNDLE_IDENTIFIER = com.nanojacktech.FunFacts;
				PRODUCT_NAME = "$(TARGET_NAME)";
			};
			name = Debug;
		};
		04CAE1C41BB4302500FA5316 /* Release */ = {
			isa = XCBuildConfiguration;
			buildSettings = {
				ASSETCATALOG_COMPILER_APPICON_NAME = AppIcon;
				INFOPLIST_FILE = FunFacts/Info.plist;
				LD_RUNPATH_SEARCH_PATHS = "$(inherited) @executable_path/Frameworks";
				PRODUCT_BUNDLE_IDENTIFIER = com.nanojacktech.FunFacts;
				PRODUCT_NAME = "$(TARGET_NAME)";
			};
			name = Release;
		};
		04CAE1C61BB4302500FA5316 /* Debug */ = {
			isa = XCBuildConfiguration;
			buildSettings = {
				BUNDLE_LOADER = "$(TEST_HOST)";
				INFOPLIST_FILE = FunFactsTests/Info.plist;
				LD_RUNPATH_SEARCH_PATHS = "$(inherited) @executable_path/Frameworks @loader_path/Frameworks";
				PRODUCT_BUNDLE_IDENTIFIER = com.nanojacktech.FunFactsTests;
				PRODUCT_NAME = "$(TARGET_NAME)";
				TEST_HOST = "$(BUILT_PRODUCTS_DIR)/FunFacts.app/FunFacts";
			};
			name = Debug;
		};
		04CAE1C71BB4302500FA5316 /* Release */ = {
			isa = XCBuildConfiguration;
			buildSettings = {
				BUNDLE_LOADER = "$(TEST_HOST)";
				INFOPLIST_FILE = FunFactsTests/Info.plist;
				LD_RUNPATH_SEARCH_PATHS = "$(inherited) @executable_path/Frameworks @loader_path/Frameworks";
				PRODUCT_BUNDLE_IDENTIFIER = com.nanojacktech.FunFactsTests;
				PRODUCT_NAME = "$(TARGET_NAME)";
				TEST_HOST = "$(BUILT_PRODUCTS_DIR)/FunFacts.app/FunFacts";
			};
			name = Release;
		};
		04CAE1C91BB4302500FA5316 /* Debug */ = {
			isa = XCBuildConfiguration;
			buildSettings = {
				INFOPLIST_FILE = FunFactsUITests/Info.plist;
				LD_RUNPATH_SEARCH_PATHS = "$(inherited) @executable_path/Frameworks @loader_path/Frameworks";
				PRODUCT_BUNDLE_IDENTIFIER = com.nanojacktech.FunFactsUITests;
				PRODUCT_NAME = "$(TARGET_NAME)";
				TEST_TARGET_NAME = FunFacts;
				USES_XCTRUNNER = YES;
			};
			name = Debug;
		};
		04CAE1CA1BB4302500FA5316 /* Release */ = {
			isa = XCBuildConfiguration;
			buildSettings = {
				INFOPLIST_FILE = FunFactsUITests/Info.plist;
				LD_RUNPATH_SEARCH_PATHS = "$(inherited) @executable_path/Frameworks @loader_path/Frameworks";
				PRODUCT_BUNDLE_IDENTIFIER = com.nanojacktech.FunFactsUITests;
				PRODUCT_NAME = "$(TARGET_NAME)";
				TEST_TARGET_NAME = FunFacts;
				USES_XCTRUNNER = YES;
			};
			name = Release;
		};
/* End XCBuildConfiguration section */

/* Begin XCConfigurationList section */
		04CAE1951BB4302400FA5316 /* Build configuration list for PBXProject "FunFacts" */ = {
			isa = XCConfigurationList;
			buildConfigurations = (
				04CAE1C01BB4302500FA5316 /* Debug */,
				04CAE1C11BB4302500FA5316 /* Release */,
			);
			defaultConfigurationIsVisible = 0;
			defaultConfigurationName = Release;
		};
		04CAE1C21BB4302500FA5316 /* Build configuration list for PBXNativeTarget "FunFacts" */ = {
			isa = XCConfigurationList;
			buildConfigurations = (
				04CAE1C31BB4302500FA5316 /* Debug */,
				04CAE1C41BB4302500FA5316 /* Release */,
			);
			defaultConfigurationIsVisible = 0;
		};
		04CAE1C51BB4302500FA5316 /* Build configuration list for PBXNativeTarget "FunFactsTests" */ = {
			isa = XCConfigurationList;
			buildConfigurations = (
				04CAE1C61BB4302500FA5316 /* Debug */,
				04CAE1C71BB4302500FA5316 /* Release */,
			);
			defaultConfigurationIsVisible = 0;
		};
		04CAE1C81BB4302500FA5316 /* Build configuration list for PBXNativeTarget "FunFactsUITests" */ = {
			isa = XCConfigurationList;
			buildConfigurations = (
				04CAE1C91BB4302500FA5316 /* Debug */,
				04CAE1CA1BB4302500FA5316 /* Release */,
			);
			defaultConfigurationIsVisible = 0;
		};
/* End XCConfigurationList section */
	};
	rootObject = 04CAE1921BB4302400FA5316 /* Project object */;
}
